// !$*UTF8*$!
{
	archiveVersion = 1;
	classes = {
	};
	objectVersion = 56;
	objects = {

/* Begin PBXBuildFile section */
		CDB05E2E2BED8C5300A4C5A4 /* RecipeVaultApp.swift in Sources */ = {isa = PBXBuildFile; fileRef = CDB05E2D2BED8C5300A4C5A4 /* RecipeVaultApp.swift */; };
		CDB05E302BED8C5300A4C5A4 /* MainView.swift in Sources */ = {isa = PBXBuildFile; fileRef = CDB05E2F2BED8C5300A4C5A4 /* MainView.swift */; };
		CDB05E322BED8C5500A4C5A4 /* Assets.xcassets in Resources */ = {isa = PBXBuildFile; fileRef = CDB05E312BED8C5500A4C5A4 /* Assets.xcassets */; };
		CDB05E352BED8C5500A4C5A4 /* Preview Assets.xcassets in Resources */ = {isa = PBXBuildFile; fileRef = CDB05E342BED8C5500A4C5A4 /* Preview Assets.xcassets */; };
		CDB05E3D2BED8CDA00A4C5A4 /* CategoriesView.swift in Sources */ = {isa = PBXBuildFile; fileRef = CDB05E3C2BED8CDA00A4C5A4 /* CategoriesView.swift */; };
		CDB05E3F2BED8CEE00A4C5A4 /* SettingsView.swift in Sources */ = {isa = PBXBuildFile; fileRef = CDB05E3E2BED8CEE00A4C5A4 /* SettingsView.swift */; };
		CDB05E412BED8D0100A4C5A4 /* FavouriteRecipesView.swift in Sources */ = {isa = PBXBuildFile; fileRef = CDB05E402BED8D0100A4C5A4 /* FavouriteRecipesView.swift */; };
		CDB05E432BED8D3B00A4C5A4 /* RecipesView.swift in Sources */ = {isa = PBXBuildFile; fileRef = CDB05E422BED8D3B00A4C5A4 /* RecipesView.swift */; };
		CDB05E452BED8D5100A4C5A4 /* RecipesFormView.swift in Sources */ = {isa = PBXBuildFile; fileRef = CDB05E442BED8D5100A4C5A4 /* RecipesFormView.swift */; };
		CDB05E472BED93D000A4C5A4 /* TabBarView.swift in Sources */ = {isa = PBXBuildFile; fileRef = CDB05E462BED93D000A4C5A4 /* TabBarView.swift */; };
/* End PBXBuildFile section */

/* Begin PBXFileReference section */
		CDB05E2A2BED8C5300A4C5A4 /* RecipeVault.app */ = {isa = PBXFileReference; explicitFileType = wrapper.application; includeInIndex = 0; path = RecipeVault.app; sourceTree = BUILT_PRODUCTS_DIR; };
		CDB05E2D2BED8C5300A4C5A4 /* RecipeVaultApp.swift */ = {isa = PBXFileReference; lastKnownFileType = sourcecode.swift; path = RecipeVaultApp.swift; sourceTree = "<group>"; };
		CDB05E2F2BED8C5300A4C5A4 /* MainView.swift */ = {isa = PBXFileReference; lastKnownFileType = sourcecode.swift; path = MainView.swift; sourceTree = "<group>"; };
		CDB05E312BED8C5500A4C5A4 /* Assets.xcassets */ = {isa = PBXFileReference; lastKnownFileType = folder.assetcatalog; path = Assets.xcassets; sourceTree = "<group>"; };
		CDB05E342BED8C5500A4C5A4 /* Preview Assets.xcassets */ = {isa = PBXFileReference; lastKnownFileType = folder.assetcatalog; path = "Preview Assets.xcassets"; sourceTree = "<group>"; };
		CDB05E3C2BED8CDA00A4C5A4 /* CategoriesView.swift */ = {isa = PBXFileReference; lastKnownFileType = sourcecode.swift; path = CategoriesView.swift; sourceTree = "<group>"; };
		CDB05E3E2BED8CEE00A4C5A4 /* SettingsView.swift */ = {isa = PBXFileReference; lastKnownFileType = sourcecode.swift; path = SettingsView.swift; sourceTree = "<group>"; };
		CDB05E402BED8D0100A4C5A4 /* FavouriteRecipesView.swift */ = {isa = PBXFileReference; lastKnownFileType = sourcecode.swift; path = FavouriteRecipesView.swift; sourceTree = "<group>"; };
		CDB05E422BED8D3B00A4C5A4 /* RecipesView.swift */ = {isa = PBXFileReference; lastKnownFileType = sourcecode.swift; path = RecipesView.swift; sourceTree = "<group>"; };
		CDB05E442BED8D5100A4C5A4 /* RecipesFormView.swift */ = {isa = PBXFileReference; lastKnownFileType = sourcecode.swift; path = RecipesFormView.swift; sourceTree = "<group>"; };
		CDB05E462BED93D000A4C5A4 /* TabBarView.swift */ = {isa = PBXFileReference; lastKnownFileType = sourcecode.swift; path = TabBarView.swift; sourceTree = "<group>"; };
/* End PBXFileReference section */

/* Begin PBXFrameworksBuildPhase section */
		CDB05E272BED8C5300A4C5A4 /* Frameworks */ = {
			isa = PBXFrameworksBuildPhase;
			buildActionMask = 2147483647;
			files = (
			);
			runOnlyForDeploymentPostprocessing = 0;
		};
/* End PBXFrameworksBuildPhase section */

/* Begin PBXGroup section */
		CDB05E212BED8C5300A4C5A4 = {
			isa = PBXGroup;
			children = (
				CDB05E2C2BED8C5300A4C5A4 /* RecipeVault */,
				CDB05E2B2BED8C5300A4C5A4 /* Products */,
			);
			sourceTree = "<group>";
		};
		CDB05E2B2BED8C5300A4C5A4 /* Products */ = {
			isa = PBXGroup;
			children = (
				CDB05E2A2BED8C5300A4C5A4 /* RecipeVault.app */,
			);
			name = Products;
			sourceTree = "<group>";
		};
		CDB05E2C2BED8C5300A4C5A4 /* RecipeVault */ = {
			isa = PBXGroup;
			children = (
				CDB05E2D2BED8C5300A4C5A4 /* RecipeVaultApp.swift */,
				CDB05E3B2BED8C9F00A4C5A4 /* Views */,
				CDB05E312BED8C5500A4C5A4 /* Assets.xcassets */,
				CDB05E332BED8C5500A4C5A4 /* Preview Content */,
			);
			path = RecipeVault;
			sourceTree = "<group>";
		};
		CDB05E332BED8C5500A4C5A4 /* Preview Content */ = {
			isa = PBXGroup;
			children = (
				CDB05E342BED8C5500A4C5A4 /* Preview Assets.xcassets */,
			);
			path = "Preview Content";
			sourceTree = "<group>";
		};
		CDB05E3B2BED8C9F00A4C5A4 /* Views */ = {
			isa = PBXGroup;
			children = (
				CDB05E2F2BED8C5300A4C5A4 /* MainView.swift */,
				CDB05E462BED93D000A4C5A4 /* TabBarView.swift */,
				CDB05E3C2BED8CDA00A4C5A4 /* CategoriesView.swift */,
				CDB05E422BED8D3B00A4C5A4 /* RecipesView.swift */,
				CDB05E442BED8D5100A4C5A4 /* RecipesFormView.swift */,
				CDB05E402BED8D0100A4C5A4 /* FavouriteRecipesView.swift */,
				CDB05E3E2BED8CEE00A4C5A4 /* SettingsView.swift */,
			);
			path = Views;
			sourceTree = "<group>";
		};
/* End PBXGroup section */

/* Begin PBXNativeTarget section */
		CDB05E292BED8C5300A4C5A4 /* RecipeVault */ = {
			isa = PBXNativeTarget;
			buildConfigurationList = CDB05E382BED8C5500A4C5A4 /* Build configuration list for PBXNativeTarget "RecipeVault" */;
			buildPhases = (
				CDB05E262BED8C5300A4C5A4 /* Sources */,
				CDB05E272BED8C5300A4C5A4 /* Frameworks */,
				CDB05E282BED8C5300A4C5A4 /* Resources */,
			);
			buildRules = (
			);
			dependencies = (
			);
			name = RecipeVault;
			productName = RecipeVault;
			productReference = CDB05E2A2BED8C5300A4C5A4 /* RecipeVault.app */;
			productType = "com.apple.product-type.application";
		};
/* End PBXNativeTarget section */

/* Begin PBXProject section */
		CDB05E222BED8C5300A4C5A4 /* Project object */ = {
			isa = PBXProject;
			attributes = {
				BuildIndependentTargetsInParallel = 1;
				LastSwiftUpdateCheck = 1530;
				LastUpgradeCheck = 1530;
				TargetAttributes = {
					CDB05E292BED8C5300A4C5A4 = {
						CreatedOnToolsVersion = 15.3;
					};
				};
			};
			buildConfigurationList = CDB05E252BED8C5300A4C5A4 /* Build configuration list for PBXProject "RecipeVault" */;
			compatibilityVersion = "Xcode 14.0";
			developmentRegion = en;
			hasScannedForEncodings = 0;
			knownRegions = (
				en,
				Base,
			);
			mainGroup = CDB05E212BED8C5300A4C5A4;
			productRefGroup = CDB05E2B2BED8C5300A4C5A4 /* Products */;
			projectDirPath = "";
			projectRoot = "";
			targets = (
				CDB05E292BED8C5300A4C5A4 /* RecipeVault */,
			);
		};
/* End PBXProject section */

/* Begin PBXResourcesBuildPhase section */
		CDB05E282BED8C5300A4C5A4 /* Resources */ = {
			isa = PBXResourcesBuildPhase;
			buildActionMask = 2147483647;
			files = (
				CDB05E352BED8C5500A4C5A4 /* Preview Assets.xcassets in Resources */,
				CDB05E322BED8C5500A4C5A4 /* Assets.xcassets in Resources */,
			);
			runOnlyForDeploymentPostprocessing = 0;
		};
/* End PBXResourcesBuildPhase section */

/* Begin PBXSourcesBuildPhase section */
		CDB05E262BED8C5300A4C5A4 /* Sources */ = {
			isa = PBXSourcesBuildPhase;
			buildActionMask = 2147483647;
			files = (
				CDB05E472BED93D000A4C5A4 /* TabBarView.swift in Sources */,
				CDB05E302BED8C5300A4C5A4 /* MainView.swift in Sources */,
				CDB05E3F2BED8CEE00A4C5A4 /* SettingsView.swift in Sources */,
				CDB05E2E2BED8C5300A4C5A4 /* RecipeVaultApp.swift in Sources */,
				CDB05E412BED8D0100A4C5A4 /* FavouriteRecipesView.swift in Sources */,
				CDB05E432BED8D3B00A4C5A4 /* RecipesView.swift in Sources */,
				CDB05E3D2BED8CDA00A4C5A4 /* CategoriesView.swift in Sources */,
				CDB05E452BED8D5100A4C5A4 /* RecipesFormView.swift in Sources */,
			);
			runOnlyForDeploymentPostprocessing = 0;
		};
/* End PBXSourcesBuildPhase section */

/* Begin XCBuildConfiguration section */
		CDB05E362BED8C5500A4C5A4 /* Debug */ = {
			isa = XCBuildConfiguration;
			buildSettings = {
				ALWAYS_SEARCH_USER_PATHS = NO;
				ASSETCATALOG_COMPILER_GENERATE_SWIFT_ASSET_SYMBOL_EXTENSIONS = YES;
				CLANG_ANALYZER_NONNULL = YES;
				CLANG_ANALYZER_NUMBER_OBJECT_CONVERSION = YES_AGGRESSIVE;
				CLANG_CXX_LANGUAGE_STANDARD = "gnu++20";
				CLANG_ENABLE_MODULES = YES;
				CLANG_ENABLE_OBJC_ARC = YES;
				CLANG_ENABLE_OBJC_WEAK = YES;
				CLANG_WARN_BLOCK_CAPTURE_AUTORELEASING = YES;
				CLANG_WARN_BOOL_CONVERSION = YES;
				CLANG_WARN_COMMA = YES;
				CLANG_WARN_CONSTANT_CONVERSION = YES;
				CLANG_WARN_DEPRECATED_OBJC_IMPLEMENTATIONS = YES;
				CLANG_WARN_DIRECT_OBJC_ISA_USAGE = YES_ERROR;
				CLANG_WARN_DOCUMENTATION_COMMENTS = YES;
				CLANG_WARN_EMPTY_BODY = YES;
				CLANG_WARN_ENUM_CONVERSION = YES;
				CLANG_WARN_INFINITE_RECURSION = YES;
				CLANG_WARN_INT_CONVERSION = YES;
				CLANG_WARN_NON_LITERAL_NULL_CONVERSION = YES;
				CLANG_WARN_OBJC_IMPLICIT_RETAIN_SELF = YES;
				CLANG_WARN_OBJC_LITERAL_CONVERSION = YES;
				CLANG_WARN_OBJC_ROOT_CLASS = YES_ERROR;
				CLANG_WARN_QUOTED_INCLUDE_IN_FRAMEWORK_HEADER = YES;
				CLANG_WARN_RANGE_LOOP_ANALYSIS = YES;
				CLANG_WARN_STRICT_PROTOTYPES = YES;
				CLANG_WARN_SUSPICIOUS_MOVE = YES;
				CLANG_WARN_UNGUARDED_AVAILABILITY = YES_AGGRESSIVE;
				CLANG_WARN_UNREACHABLE_CODE = YES;
				CLANG_WARN__DUPLICATE_METHOD_MATCH = YES;
				COPY_PHASE_STRIP = NO;
				DEBUG_INFORMATION_FORMAT = dwarf;
				ENABLE_STRICT_OBJC_MSGSEND = YES;
				ENABLE_TESTABILITY = YES;
				ENABLE_USER_SCRIPT_SANDBOXING = YES;
				GCC_C_LANGUAGE_STANDARD = gnu17;
				GCC_DYNAMIC_NO_PIC = NO;
				GCC_NO_COMMON_BLOCKS = YES;
				GCC_OPTIMIZATION_LEVEL = 0;
				GCC_PREPROCESSOR_DEFINITIONS = (
					"DEBUG=1",
					"$(inherited)",
				);
				GCC_WARN_64_TO_32_BIT_CONVERSION = YES;
				GCC_WARN_ABOUT_RETURN_TYPE = YES_ERROR;
				GCC_WARN_UNDECLARED_SELECTOR = YES;
				GCC_WARN_UNINITIALIZED_AUTOS = YES_AGGRESSIVE;
				GCC_WARN_UNUSED_FUNCTION = YES;
				GCC_WARN_UNUSED_VARIABLE = YES;
				IPHONEOS_DEPLOYMENT_TARGET = 17.4;
				LOCALIZATION_PREFERS_STRING_CATALOGS = YES;
				MTL_ENABLE_DEBUG_INFO = INCLUDE_SOURCE;
				MTL_FAST_MATH = YES;
				ONLY_ACTIVE_ARCH = YES;
				SDKROOT = iphoneos;
				SWIFT_ACTIVE_COMPILATION_CONDITIONS = "DEBUG $(inherited)";
				SWIFT_OPTIMIZATION_LEVEL = "-Onone";
			};
			name = Debug;
		};
		CDB05E372BED8C5500A4C5A4 /* Release */ = {
			isa = XCBuildConfiguration;
			buildSettings = {
				ALWAYS_SEARCH_USER_PATHS = NO;
				ASSETCATALOG_COMPILER_GENERATE_SWIFT_ASSET_SYMBOL_EXTENSIONS = YES;
				CLANG_ANALYZER_NONNULL = YES;
				CLANG_ANALYZER_NUMBER_OBJECT_CONVERSION = YES_AGGRESSIVE;
				CLANG_CXX_LANGUAGE_STANDARD = "gnu++20";
				CLANG_ENABLE_MODULES = YES;
				CLANG_ENABLE_OBJC_ARC = YES;
				CLANG_ENABLE_OBJC_WEAK = YES;
				CLANG_WARN_BLOCK_CAPTURE_AUTORELEASING = YES;
				CLANG_WARN_BOOL_CONVERSION = YES;
				CLANG_WARN_COMMA = YES;
				CLANG_WARN_CONSTANT_CONVERSION = YES;
				CLANG_WARN_DEPRECATED_OBJC_IMPLEMENTATIONS = YES;
				CLANG_WARN_DIRECT_OBJC_ISA_USAGE = YES_ERROR;
				CLANG_WARN_DOCUMENTATION_COMMENTS = YES;
				CLANG_WARN_EMPTY_BODY = YES;
				CLANG_WARN_ENUM_CONVERSION = YES;
				CLANG_WARN_INFINITE_RECURSION = YES;
				CLANG_WARN_INT_CONVERSION = YES;
				CLANG_WARN_NON_LITERAL_NULL_CONVERSION = YES;
				CLANG_WARN_OBJC_IMPLICIT_RETAIN_SELF = YES;
				CLANG_WARN_OBJC_LITERAL_CONVERSION = YES;
				CLANG_WARN_OBJC_ROOT_CLASS = YES_ERROR;
				CLANG_WARN_QUOTED_INCLUDE_IN_FRAMEWORK_HEADER = YES;
				CLANG_WARN_RANGE_LOOP_ANALYSIS = YES;
				CLANG_WARN_STRICT_PROTOTYPES = YES;
				CLANG_WARN_SUSPICIOUS_MOVE = YES;
				CLANG_WARN_UNGUARDED_AVAILABILITY = YES_AGGRESSIVE;
				CLANG_WARN_UNREACHABLE_CODE = YES;
				CLANG_WARN__DUPLICATE_METHOD_MATCH = YES;
				COPY_PHASE_STRIP = NO;
				DEBUG_INFORMATION_FORMAT = "dwarf-with-dsym";
				ENABLE_NS_ASSERTIONS = NO;
				ENABLE_STRICT_OBJC_MSGSEND = YES;
				ENABLE_USER_SCRIPT_SANDBOXING = YES;
				GCC_C_LANGUAGE_STANDARD = gnu17;
				GCC_NO_COMMON_BLOCKS = YES;
				GCC_WARN_64_TO_32_BIT_CONVERSION = YES;
				GCC_WARN_ABOUT_RETURN_TYPE = YES_ERROR;
				GCC_WARN_UNDECLARED_SELECTOR = YES;
				GCC_WARN_UNINITIALIZED_AUTOS = YES_AGGRESSIVE;
				GCC_WARN_UNUSED_FUNCTION = YES;
				GCC_WARN_UNUSED_VARIABLE = YES;
				IPHONEOS_DEPLOYMENT_TARGET = 17.4;
				LOCALIZATION_PREFERS_STRING_CATALOGS = YES;
				MTL_ENABLE_DEBUG_INFO = NO;
				MTL_FAST_MATH = YES;
				SDKROOT = iphoneos;
				SWIFT_COMPILATION_MODE = wholemodule;
				VALIDATE_PRODUCT = YES;
			};
			name = Release;
		};
		CDB05E392BED8C5500A4C5A4 /* Debug */ = {
			isa = XCBuildConfiguration;
			buildSettings = {
				ASSETCATALOG_COMPILER_APPICON_NAME = AppIcon;
				ASSETCATALOG_COMPILER_GLOBAL_ACCENT_COLOR_NAME = AccentColor;
				CODE_SIGN_STYLE = Automatic;
				CURRENT_PROJECT_VERSION = 1;
				DEVELOPMENT_ASSET_PATHS = "\"RecipeVault/Preview Content\"";
				ENABLE_PREVIEWS = YES;
				GENERATE_INFOPLIST_FILE = YES;
				INFOPLIST_KEY_UIApplicationSceneManifest_Generation = YES;
				INFOPLIST_KEY_UIApplicationSupportsIndirectInputEvents = YES;
				INFOPLIST_KEY_UILaunchScreen_Generation = YES;
				INFOPLIST_KEY_UISupportedInterfaceOrientations_iPad = "UIInterfaceOrientationPortrait UIInterfaceOrientationPortraitUpsideDown UIInterfaceOrientationLandscapeLeft UIInterfaceOrientationLandscapeRight";
				INFOPLIST_KEY_UISupportedInterfaceOrientations_iPhone = "UIInterfaceOrientationPortrait UIInterfaceOrientationLandscapeLeft UIInterfaceOrientationLandscapeRight";
				LD_RUNPATH_SEARCH_PATHS = (
					"$(inherited)",
					"@executable_path/Frameworks",
				);
				MARKETING_VERSION = 1.0;
				PRODUCT_BUNDLE_IDENTIFIER = com.example.RecipeVault;
				PRODUCT_NAME = "$(TARGET_NAME)";
				SWIFT_EMIT_LOC_STRINGS = YES;
				SWIFT_VERSION = 5.0;
				TARGETED_DEVICE_FAMILY = "1,2";
			};
			name = Debug;
		};
		CDB05E3A2BED8C5500A4C5A4 /* Release */ = {
			isa = XCBuildConfiguration;
			buildSettings = {
				ASSETCATALOG_COMPILER_APPICON_NAME = AppIcon;
				ASSETCATALOG_COMPILER_GLOBAL_ACCENT_COLOR_NAME = AccentColor;
				CODE_SIGN_STYLE = Automatic;
				CURRENT_PROJECT_VERSION = 1;
				DEVELOPMENT_ASSET_PATHS = "\"RecipeVault/Preview Content\"";
				ENABLE_PREVIEWS = YES;
				GENERATE_INFOPLIST_FILE = YES;
				INFOPLIST_KEY_UIApplicationSceneManifest_Generation = YES;
				INFOPLIST_KEY_UIApplicationSupportsIndirectInputEvents = YES;
				INFOPLIST_KEY_UILaunchScreen_Generation = YES;
				INFOPLIST_KEY_UISupportedInterfaceOrientations_iPad = "UIInterfaceOrientationPortrait UIInterfaceOrientationPortraitUpsideDown UIInterfaceOrientationLandscapeLeft UIInterfaceOrientationLandscapeRight";
				INFOPLIST_KEY_UISupportedInterfaceOrientations_iPhone = "UIInterfaceOrientationPortrait UIInterfaceOrientationLandscapeLeft UIInterfaceOrientationLandscapeRight";
				LD_RUNPATH_SEARCH_PATHS = (
					"$(inherited)",
					"@executable_path/Frameworks",
				);
				MARKETING_VERSION = 1.0;
				PRODUCT_BUNDLE_IDENTIFIER = com.example.RecipeVault;
				PRODUCT_NAME = "$(TARGET_NAME)";
				SWIFT_EMIT_LOC_STRINGS = YES;
				SWIFT_VERSION = 5.0;
				TARGETED_DEVICE_FAMILY = "1,2";
			};
			name = Release;
		};
/* End XCBuildConfiguration section */

/* Begin XCConfigurationList section */
		CDB05E252BED8C5300A4C5A4 /* Build configuration list for PBXProject "RecipeVault" */ = {
			isa = XCConfigurationList;
			buildConfigurations = (
				CDB05E362BED8C5500A4C5A4 /* Debug */,
				CDB05E372BED8C5500A4C5A4 /* Release */,
			);
			defaultConfigurationIsVisible = 0;
			defaultConfigurationName = Release;
		};
		CDB05E382BED8C5500A4C5A4 /* Build configuration list for PBXNativeTarget "RecipeVault" */ = {
			isa = XCConfigurationList;
			buildConfigurations = (
				CDB05E392BED8C5500A4C5A4 /* Debug */,
				CDB05E3A2BED8C5500A4C5A4 /* Release */,
			);
			defaultConfigurationIsVisible = 0;
			defaultConfigurationName = Release;
		};
/* End XCConfigurationList section */
	};
	rootObject = CDB05E222BED8C5300A4C5A4 /* Project object */;
}
